
Microsoft Visual Studio Solution File, Format Version 12.00
# Visual Studio 14
VisualStudioVersion = 14.0.23107.0
MinimumVisualStudioVersion = 10.0.40219.1
Project("{FAE04EC0-301F-11D3-BF4B-00C04F79EFBC}") = "ASCIINumber", "ASCIINumber\ASCIINumber.csproj", "{AC131AA5-3CE3-4342-BE40-C0FA8949A00E}"
EndProject
Global
	GlobalSection(SolutionConfigurationPlatforms) = preSolution
		Debug|Any CPU = Debug|Any CPU
		Release|Any CPU = Release|Any CPU
	EndGlobalSection
	GlobalSection(ProjectConfigurationPlatforms) = postSolution
		{AC131AA5-3CE3-4342-BE40-C0FA8949A00E}.Debug|Any CPU.ActiveCfg = Debug|Any CPU
		{AC131AA5-3CE3-4342-BE40-C0FA8949A00E}.Debug|Any CPU.Build.0 = Debug|Any CPU
		{AC131AA5-3CE3-4342-BE40-C0FA8949A00E}.Release|Any CPU.ActiveCfg = Release|Any CPU
		{AC131AA5-3CE3-4342-BE40-C0FA8949A00E}.Release|Any CPU.Build.0 = Release|Any CPU
	EndGlobalSection
	GlobalSection(SolutionProperties) = preSolution
		HideSolutionNode = FALSE
	EndGlobalSection
EndGlobal
